
Microsoft Visual Studio Solution File, Format Version 12.00
# Visual Studio Version 17
VisualStudioVersion = 17.11.35303.130
MinimumVisualStudioVersion = 10.0.40219.1
Project("{FAE04EC0-301F-11D3-BF4B-00C04F79EFBC}") = "MeetingScheduler", "MeetingScheduler\MeetingScheduler.csproj", "{8241AD36-75E6-4E87-BCD6-42B21815E0EA}"
EndProject
Project("{FAE04EC0-301F-11D3-BF4B-00C04F79EFBC}") = "MeetingScheduler.Tests", "MeetingScheduler.Tests\MeetingScheduler.Tests.csproj", "{13A10A1B-8289-4AEC-AC9B-6D5668BB8C8C}"
EndProject
Project("{2150E333-8FDC-42A3-9474-1A3956D46DE8}") = "Files", "Files", "{3DC1C01F-3F6E-4CBC-BD5A-5E01482F9857}"
	ProjectSection(SolutionItems) = preProject
		README.md = README.md
	EndProjectSection
EndProject
Global
	GlobalSection(SolutionConfigurationPlatforms) = preSolution
		Debug|Any CPU = Debug|Any CPU
		Release|Any CPU = Release|Any CPU
	EndGlobalSection
	GlobalSection(ProjectConfigurationPlatforms) = postSolution
		{8241AD36-75E6-4E87-BCD6-42B21815E0EA}.Debug|Any CPU.ActiveCfg = Debug|Any CPU
		{8241AD36-75E6-4E87-BCD6-42B21815E0EA}.Debug|Any CPU.Build.0 = Debug|Any CPU
		{8241AD36-75E6-4E87-BCD6-42B21815E0EA}.Release|Any CPU.ActiveCfg = Release|Any CPU
		{8241AD36-75E6-4E87-BCD6-42B21815E0EA}.Release|Any CPU.Build.0 = Release|Any CPU
		{13A10A1B-8289-4AEC-AC9B-6D5668BB8C8C}.Debug|Any CPU.ActiveCfg = Debug|Any CPU
		{13A10A1B-8289-4AEC-AC9B-6D5668BB8C8C}.Debug|Any CPU.Build.0 = Debug|Any CPU
		{13A10A1B-8289-4AEC-AC9B-6D5668BB8C8C}.Release|Any CPU.ActiveCfg = Release|Any CPU
		{13A10A1B-8289-4AEC-AC9B-6D5668BB8C8C}.Release|Any CPU.Build.0 = Release|Any CPU
	EndGlobalSection
	GlobalSection(SolutionProperties) = preSolution
		HideSolutionNode = FALSE
	EndGlobalSection
	GlobalSection(ExtensibilityGlobals) = postSolution
		SolutionGuid = {2B4D274B-663A-4110-BC19-86335EA0CCFB}
	EndGlobalSection
EndGlobal
